lockfileVersion: '9.0'

settings:
  autoInstallPeers: true
  excludeLinksFromLockfile: false

importers:

  .:
    devDependencies:
      rollup:
        specifier: ^4.21.2
        version: 4.21.2

packages:

  '@rollup/rollup-android-arm-eabi@4.21.2':
    resolution: {integrity: sha512-fSuPrt0ZO8uXeS+xP3b+yYTCBUd05MoSp2N/MFOgjhhUhMmchXlpTQrTpI8T+YAwAQuK7MafsCOxW7VrPMrJcg==}
    cpu: [arm]
    os: [android]

  '@rollup/rollup-android-arm64@4.21.2':
    resolution: {integrity: sha512-xGU5ZQmPlsjQS6tzTTGwMsnKUtu0WVbl0hYpTPauvbRAnmIvpInhJtgjj3mcuJpEiuUw4v1s4BimkdfDWlh7gA==}
    cpu: [arm64]
    os: [android]

  '@rollup/rollup-darwin-arm64@4.21.2':
    resolution: {integrity: sha512-99AhQ3/ZMxU7jw34Sq8brzXqWH/bMnf7ZVhvLk9QU2cOepbQSVTns6qoErJmSiAvU3InRqC2RRZ5ovh1KN0d0Q==}
    cpu: [arm64]
    os: [darwin]

  '@rollup/rollup-darwin-x64@4.21.2':
    resolution: {integrity: sha512-ZbRaUvw2iN/y37x6dY50D8m2BnDbBjlnMPotDi/qITMJ4sIxNY33HArjikDyakhSv0+ybdUxhWxE6kTI4oX26w==}
    cpu: [x64]
    os: [darwin]

  '@rollup/rollup-linux-arm-gnueabihf@4.21.2':
    resolution: {integrity: sha512-ztRJJMiE8nnU1YFcdbd9BcH6bGWG1z+jP+IPW2oDUAPxPjo9dverIOyXz76m6IPA6udEL12reYeLojzW2cYL7w==}
    cpu: [arm]
    os: [linux]

  '@rollup/rollup-linux-arm-musleabihf@4.21.2':
    resolution: {integrity: sha512-flOcGHDZajGKYpLV0JNc0VFH361M7rnV1ee+NTeC/BQQ1/0pllYcFmxpagltANYt8FYf9+kL6RSk80Ziwyhr7w==}
    cpu: [arm]
    os: [linux]

  '@rollup/rollup-linux-arm64-gnu@4.21.2':
    resolution: {integrity: sha512-69CF19Kp3TdMopyteO/LJbWufOzqqXzkrv4L2sP8kfMaAQ6iwky7NoXTp7bD6/irKgknDKM0P9E/1l5XxVQAhw==}
    cpu: [arm64]
    os: [linux]

  '@rollup/rollup-linux-arm64-musl@4.21.2':
    resolution: {integrity: sha512-48pD/fJkTiHAZTnZwR0VzHrao70/4MlzJrq0ZsILjLW/Ab/1XlVUStYyGt7tdyIiVSlGZbnliqmult/QGA2O2w==}
    cpu: [arm64]
    os: [linux]

  '@rollup/rollup-linux-powerpc64le-gnu@4.21.2':
    resolution: {integrity: sha512-cZdyuInj0ofc7mAQpKcPR2a2iu4YM4FQfuUzCVA2u4HI95lCwzjoPtdWjdpDKyHxI0UO82bLDoOaLfpZ/wviyQ==}
    cpu: [ppc64]
    os: [linux]

  '@rollup/rollup-linux-riscv64-gnu@4.21.2':
    resolution: {integrity: sha512-RL56JMT6NwQ0lXIQmMIWr1SW28z4E4pOhRRNqwWZeXpRlykRIlEpSWdsgNWJbYBEWD84eocjSGDu/XxbYeCmwg==}
    cpu: [riscv64]
    os: [linux]

  '@rollup/rollup-linux-s390x-gnu@4.21.2':
    resolution: {integrity: sha512-PMxkrWS9z38bCr3rWvDFVGD6sFeZJw4iQlhrup7ReGmfn7Oukrr/zweLhYX6v2/8J6Cep9IEA/SmjXjCmSbrMQ==}
    cpu: [s390x]
    os: [linux]

  '@rollup/rollup-linux-x64-gnu@4.21.2':
    resolution: {integrity: sha512-B90tYAUoLhU22olrafY3JQCFLnT3NglazdwkHyxNDYF/zAxJt5fJUB/yBoWFoIQ7SQj+KLe3iL4BhOMa9fzgpw==}
    cpu: [x64]
    os: [linux]

  '@rollup/rollup-linux-x64-musl@4.21.2':
    resolution: {integrity: sha512-7twFizNXudESmC9oneLGIUmoHiiLppz/Xs5uJQ4ShvE6234K0VB1/aJYU3f/4g7PhssLGKBVCC37uRkkOi8wjg==}
    cpu: [x64]
    os: [linux]

  '@rollup/rollup-win32-arm64-msvc@4.21.2':
    resolution: {integrity: sha512-9rRero0E7qTeYf6+rFh3AErTNU1VCQg2mn7CQcI44vNUWM9Ze7MSRS/9RFuSsox+vstRt97+x3sOhEey024FRQ==}
    cpu: [arm64]
    os: [win32]

  '@rollup/rollup-win32-ia32-msvc@4.21.2':
    resolution: {integrity: sha512-5rA4vjlqgrpbFVVHX3qkrCo/fZTj1q0Xxpg+Z7yIo3J2AilW7t2+n6Q8Jrx+4MrYpAnjttTYF8rr7bP46BPzRw==}
    cpu: [ia32]
    os: [win32]

  '@rollup/rollup-win32-x64-msvc@4.21.2':
    resolution: {integrity: sha512-6UUxd0+SKomjdzuAcp+HAmxw1FlGBnl1v2yEPSabtx4lBfdXHDVsW7+lQkgz9cNFJGY3AWR7+V8P5BqkD9L9nA==}
    cpu: [x64]
    os: [win32]

  '@types/estree@1.0.5':
    resolution: {integrity: sha512-/kYRxGDLWzHOB7q+wtSUQlFrtcdUccpfy+X+9iMBpHK8QLLhx2wIPYuS5DYtR9Wa/YlZAbIovy7qVdB1Aq6Lyw==}

  fsevents@2.3.3:
    resolution: {integrity: sha512-5xoDfX+fL7faATnagmWPpbFtwh/R77WmMMqqHGS65C3vvB0YHrgF+B1YmZ3441tMj5n63k0212XNoJwzlhffQw==}
    engines: {node: ^8.16.0 || ^10.6.0 || >=11.0.0}
    os: [darwin]

  rollup@4.21.2:
    resolution: {integrity: sha512-e3TapAgYf9xjdLvKQCkQTnbTKd4a6jwlpQSJJFokHGaX2IVjoEqkIIhiQfqsi0cdwlOD+tQGuOd5AJkc5RngBw==}
    engines: {node: '>=18.0.0', npm: '>=8.0.0'}
    hasBin: true

snapshots:

  '@rollup/rollup-android-arm-eabi@4.21.2':
    optional: true

  '@rollup/rollup-android-arm64@4.21.2':
    optional: true

  '@rollup/rollup-darwin-arm64@4.21.2':
    optional: true

  '@rollup/rollup-darwin-x64@4.21.2':
    optional: true

  '@rollup/rollup-linux-arm-gnueabihf@4.21.2':
    optional: true

  '@rollup/rollup-linux-arm-musleabihf@4.21.2':
    optional: true

  '@rollup/rollup-linux-arm64-gnu@4.21.2':
    optional: true

  '@rollup/rollup-linux-arm64-musl@4.21.2':
    optional: true

  '@rollup/rollup-linux-powerpc64le-gnu@4.21.2':
    optional: true

  '@rollup/rollup-linux-riscv64-gnu@4.21.2':
    optional: true

  '@rollup/rollup-linux-s390x-gnu@4.21.2':
    optional: true

  '@rollup/rollup-linux-x64-gnu@4.21.2':
    optional: true

  '@rollup/rollup-linux-x64-musl@4.21.2':
    optional: true

  '@rollup/rollup-win32-arm64-msvc@4.21.2':
    optional: true

  '@rollup/rollup-win32-ia32-msvc@4.21.2':
    optional: true

  '@rollup/rollup-win32-x64-msvc@4.21.2':
    optional: true

  '@types/estree@1.0.5': {}

  fsevents@2.3.3:
    optional: true

  rollup@4.21.2:
    dependencies:
      '@types/estree': 1.0.5
    optionalDependencies:
      '@rollup/rollup-android-arm-eabi': 4.21.2
      '@rollup/rollup-android-arm64': 4.21.2
      '@rollup/rollup-darwin-arm64': 4.21.2
      '@rollup/rollup-darwin-x64': 4.21.2
      '@rollup/rollup-linux-arm-gnueabihf': 4.21.2
      '@rollup/rollup-linux-arm-musleabihf': 4.21.2
      '@rollup/rollup-linux-arm64-gnu': 4.21.2
      '@rollup/rollup-linux-arm64-musl': 4.21.2
      '@rollup/rollup-linux-powerpc64le-gnu': 4.21.2
      '@rollup/rollup-linux-riscv64-gnu': 4.21.2
      '@rollup/rollup-linux-s390x-gnu': 4.21.2
      '@rollup/rollup-linux-x64-gnu': 4.21.2
      '@rollup/rollup-linux-x64-musl': 4.21.2
      '@rollup/rollup-win32-arm64-msvc': 4.21.2
      '@rollup/rollup-win32-ia32-msvc': 4.21.2
      '@rollup/rollup-win32-x64-msvc': 4.21.2
      fsevents: 2.3.3
